
Microsoft Visual Studio Solution File, Format Version 12.00
# Visual Studio Version 17
VisualStudioVersion = 17.13.35731.43 d17.13
MinimumVisualStudioVersion = 10.0.40219.1
Project("{FAE04EC0-301F-11D3-BF4B-00C04F79EFBC}") = "PadelInDubai", "PadelInDubai\PadelInDubai.csproj", "{71D1E357-9855-4F5B-9111-9CF41FF6F961}"
EndProject
Global
	GlobalSection(SolutionConfigurationPlatforms) = preSolution
		Debug|Any CPU = Debug|Any CPU
		Release|Any CPU = Release|Any CPU
	EndGlobalSection
	GlobalSection(ProjectConfigurationPlatforms) = postSolution
		{71D1E357-9855-4F5B-9111-9CF41FF6F961}.Debug|Any CPU.ActiveCfg = Debug|Any CPU
		{71D1E357-9855-4F5B-9111-9CF41FF6F961}.Debug|Any CPU.Build.0 = Debug|Any CPU
		{71D1E357-9855-4F5B-9111-9CF41FF6F961}.Release|Any CPU.ActiveCfg = Release|Any CPU
		{71D1E357-9855-4F5B-9111-9CF41FF6F961}.Release|Any CPU.Build.0 = Release|Any CPU
	EndGlobalSection
	GlobalSection(SolutionProperties) = preSolution
		HideSolutionNode = FALSE
	EndGlobalSection
	GlobalSection(ExtensibilityGlobals) = postSolution
		SolutionGuid = {CBAD60E1-6F8A-4884-8E31-AB8272B83A7C}
	EndGlobalSection
EndGlobal
